
Microsoft Visual Studio Solution File, Format Version 12.00
# Visual Studio Version 16
VisualStudioVersion = 16.0.29215.179
MinimumVisualStudioVersion = 10.0.40219.1
Project("{9A19103F-16F7-4668-BE54-9A1E7A4F7556}") = "Simplify.Web.Multipart", "Simplify.Web.Multipart\Simplify.Web.Multipart.csproj", "{1834BEA8-2331-4A44-86C9-CC764BCA0761}"
EndProject
Project("{9A19103F-16F7-4668-BE54-9A1E7A4F7556}") = "TestServer", "TestServer\TestServer.csproj", "{4EF29FB7-2D85-4473-840B-02515F5E7CE9}"
EndProject
Project("{9A19103F-16F7-4668-BE54-9A1E7A4F7556}") = "TestClient", "TestClient\TestClient.csproj", "{BDC0BD04-F8FD-49C1-8D07-9325D79F5CAF}"
EndProject
Global
	GlobalSection(SolutionConfigurationPlatforms) = preSolution
		Debug|Any CPU = Debug|Any CPU
		Release|Any CPU = Release|Any CPU
	EndGlobalSection
	GlobalSection(ProjectConfigurationPlatforms) = postSolution
		{1834BEA8-2331-4A44-86C9-CC764BCA0761}.Debug|Any CPU.ActiveCfg = Debug|Any CPU
		{1834BEA8-2331-4A44-86C9-CC764BCA0761}.Debug|Any CPU.Build.0 = Debug|Any CPU
		{1834BEA8-2331-4A44-86C9-CC764BCA0761}.Release|Any CPU.ActiveCfg = Release|Any CPU
		{1834BEA8-2331-4A44-86C9-CC764BCA0761}.Release|Any CPU.Build.0 = Release|Any CPU
		{4EF29FB7-2D85-4473-840B-02515F5E7CE9}.Debug|Any CPU.ActiveCfg = Debug|Any CPU
		{4EF29FB7-2D85-4473-840B-02515F5E7CE9}.Debug|Any CPU.Build.0 = Debug|Any CPU
		{4EF29FB7-2D85-4473-840B-02515F5E7CE9}.Release|Any CPU.ActiveCfg = Release|Any CPU
		{4EF29FB7-2D85-4473-840B-02515F5E7CE9}.Release|Any CPU.Build.0 = Release|Any CPU
		{BDC0BD04-F8FD-49C1-8D07-9325D79F5CAF}.Debug|Any CPU.ActiveCfg = Debug|Any CPU
		{BDC0BD04-F8FD-49C1-8D07-9325D79F5CAF}.Debug|Any CPU.Build.0 = Debug|Any CPU
		{BDC0BD04-F8FD-49C1-8D07-9325D79F5CAF}.Release|Any CPU.ActiveCfg = Release|Any CPU
		{BDC0BD04-F8FD-49C1-8D07-9325D79F5CAF}.Release|Any CPU.Build.0 = Release|Any CPU
	EndGlobalSection
	GlobalSection(SolutionProperties) = preSolution
		HideSolutionNode = FALSE
	EndGlobalSection
	GlobalSection(ExtensibilityGlobals) = postSolution
		SolutionGuid = {A58B311B-631F-4A1B-B315-2A66B25B8B72}
	EndGlobalSection
EndGlobal
